
Microsoft Visual Studio Solution File, Format Version 12.00
# Visual Studio 15
VisualStudioVersion = 15.0.34031.82
MinimumVisualStudioVersion = 10.0.40219.1
Project("{FAE04EC0-301F-11D3-BF4B-00C04F79EFBC}") = "EndOfSection2Test", "EndOfSection2Test\EndOfSection2Test.csproj", "{4D77EDB2-B6E0-44FC-99DB-9C02661EB920}"
EndProject
Global
	GlobalSection(SolutionConfigurationPlatforms) = preSolution
		Debug|Any CPU = Debug|Any CPU
		Release|Any CPU = Release|Any CPU
	EndGlobalSection
	GlobalSection(ProjectConfigurationPlatforms) = postSolution
		{4D77EDB2-B6E0-44FC-99DB-9C02661EB920}.Debug|Any CPU.ActiveCfg = Debug|Any CPU
		{4D77EDB2-B6E0-44FC-99DB-9C02661EB920}.Debug|Any CPU.Build.0 = Debug|Any CPU
		{4D77EDB2-B6E0-44FC-99DB-9C02661EB920}.Release|Any CPU.ActiveCfg = Release|Any CPU
		{4D77EDB2-B6E0-44FC-99DB-9C02661EB920}.Release|Any CPU.Build.0 = Release|Any CPU
	EndGlobalSection
	GlobalSection(SolutionProperties) = preSolution
		HideSolutionNode = FALSE
	EndGlobalSection
	GlobalSection(ExtensibilityGlobals) = postSolution
		SolutionGuid = {8D2A174C-F50B-4DA2-BA34-2617F5A2043F}
	EndGlobalSection
EndGlobal
