
Microsoft Visual Studio Solution File, Format Version 12.00
# Visual Studio 15
VisualStudioVersion = 15.0.34031.82
MinimumVisualStudioVersion = 10.0.40219.1
Project("{FAE04EC0-301F-11D3-BF4B-00C04F79EFBC}") = "IntegrationSegregationPrinciple", "IntegrationSegregationPrinciple\IntegrationSegregationPrinciple.csproj", "{D9F4AE0B-539C-4267-BBEB-D114DB6E9978}"
EndProject
Global
	GlobalSection(SolutionConfigurationPlatforms) = preSolution
		Debug|Any CPU = Debug|Any CPU
		Release|Any CPU = Release|Any CPU
	EndGlobalSection
	GlobalSection(ProjectConfigurationPlatforms) = postSolution
		{D9F4AE0B-539C-4267-BBEB-D114DB6E9978}.Debug|Any CPU.ActiveCfg = Debug|Any CPU
		{D9F4AE0B-539C-4267-BBEB-D114DB6E9978}.Debug|Any CPU.Build.0 = Debug|Any CPU
		{D9F4AE0B-539C-4267-BBEB-D114DB6E9978}.Release|Any CPU.ActiveCfg = Release|Any CPU
		{D9F4AE0B-539C-4267-BBEB-D114DB6E9978}.Release|Any CPU.Build.0 = Release|Any CPU
	EndGlobalSection
	GlobalSection(SolutionProperties) = preSolution
		HideSolutionNode = FALSE
	EndGlobalSection
	GlobalSection(ExtensibilityGlobals) = postSolution
		SolutionGuid = {FCF89803-C819-487D-8740-9C357F1AA9FA}
	EndGlobalSection
EndGlobal
