
Microsoft Visual Studio Solution File, Format Version 12.00
# Visual Studio 15
VisualStudioVersion = 15.0.34031.82
MinimumVisualStudioVersion = 10.0.40219.1
Project("{FAE04EC0-301F-11D3-BF4B-00C04F79EFBC}") = "LiskovSubstitutionPrinciple", "LiskovSubstitutionPrinciple\LiskovSubstitutionPrinciple.csproj", "{E16AD8FD-FC10-47AE-858C-34141D313FC3}"
EndProject
Global
	GlobalSection(SolutionConfigurationPlatforms) = preSolution
		Debug|Any CPU = Debug|Any CPU
		Release|Any CPU = Release|Any CPU
	EndGlobalSection
	GlobalSection(ProjectConfigurationPlatforms) = postSolution
		{E16AD8FD-FC10-47AE-858C-34141D313FC3}.Debug|Any CPU.ActiveCfg = Debug|Any CPU
		{E16AD8FD-FC10-47AE-858C-34141D313FC3}.Debug|Any CPU.Build.0 = Debug|Any CPU
		{E16AD8FD-FC10-47AE-858C-34141D313FC3}.Release|Any CPU.ActiveCfg = Release|Any CPU
		{E16AD8FD-FC10-47AE-858C-34141D313FC3}.Release|Any CPU.Build.0 = Release|Any CPU
	EndGlobalSection
	GlobalSection(SolutionProperties) = preSolution
		HideSolutionNode = FALSE
	EndGlobalSection
	GlobalSection(ExtensibilityGlobals) = postSolution
		SolutionGuid = {84DD62E1-E2D5-4349-B686-C630633BFEF7}
	EndGlobalSection
EndGlobal
