
Microsoft Visual Studio Solution File, Format Version 12.00
# Visual Studio 15
VisualStudioVersion = 15.0.34031.82
MinimumVisualStudioVersion = 10.0.40219.1
Project("{FAE04EC0-301F-11D3-BF4B-00C04F79EFBC}") = "StepwiseBuilder", "StepwiseBuilder\StepwiseBuilder.csproj", "{6CB1BA78-7E58-4AF2-AC24-06EC029BF4A9}"
EndProject
Global
	GlobalSection(SolutionConfigurationPlatforms) = preSolution
		Debug|Any CPU = Debug|Any CPU
		Release|Any CPU = Release|Any CPU
	EndGlobalSection
	GlobalSection(ProjectConfigurationPlatforms) = postSolution
		{6CB1BA78-7E58-4AF2-AC24-06EC029BF4A9}.Debug|Any CPU.ActiveCfg = Debug|Any CPU
		{6CB1BA78-7E58-4AF2-AC24-06EC029BF4A9}.Debug|Any CPU.Build.0 = Debug|Any CPU
		{6CB1BA78-7E58-4AF2-AC24-06EC029BF4A9}.Release|Any CPU.ActiveCfg = Release|Any CPU
		{6CB1BA78-7E58-4AF2-AC24-06EC029BF4A9}.Release|Any CPU.Build.0 = Release|Any CPU
	EndGlobalSection
	GlobalSection(SolutionProperties) = preSolution
		HideSolutionNode = FALSE
	EndGlobalSection
	GlobalSection(ExtensibilityGlobals) = postSolution
		SolutionGuid = {FE1FD55C-9A40-42AF-916B-F05D08599630}
	EndGlobalSection
EndGlobal
