
Microsoft Visual Studio Solution File, Format Version 12.00
# Visual Studio 15
VisualStudioVersion = 15.0.34031.82
MinimumVisualStudioVersion = 10.0.40219.1
Project("{FAE04EC0-301F-11D3-BF4B-00C04F79EFBC}") = "FacetedBuilder", "FacetedBuilder\FacetedBuilder.csproj", "{B6DE78E8-97CC-4B7E-B07D-602B8C746C76}"
EndProject
Global
	GlobalSection(SolutionConfigurationPlatforms) = preSolution
		Debug|Any CPU = Debug|Any CPU
		Release|Any CPU = Release|Any CPU
	EndGlobalSection
	GlobalSection(ProjectConfigurationPlatforms) = postSolution
		{B6DE78E8-97CC-4B7E-B07D-602B8C746C76}.Debug|Any CPU.ActiveCfg = Debug|Any CPU
		{B6DE78E8-97CC-4B7E-B07D-602B8C746C76}.Debug|Any CPU.Build.0 = Debug|Any CPU
		{B6DE78E8-97CC-4B7E-B07D-602B8C746C76}.Release|Any CPU.ActiveCfg = Release|Any CPU
		{B6DE78E8-97CC-4B7E-B07D-602B8C746C76}.Release|Any CPU.Build.0 = Release|Any CPU
	EndGlobalSection
	GlobalSection(SolutionProperties) = preSolution
		HideSolutionNode = FALSE
	EndGlobalSection
	GlobalSection(ExtensibilityGlobals) = postSolution
		SolutionGuid = {5C5CFC71-16AE-4374-932A-50344A729B6B}
	EndGlobalSection
EndGlobal
